
Microsoft Visual Studio Solution File, Format Version 12.00
# Visual Studio Version 17
VisualStudioVersion = 17.10.35122.118
MinimumVisualStudioVersion = 10.0.40219.1
Project("{9A19103F-16F7-4668-BE54-9A1E7A4F7556}") = "BlazorTabManagerApp", "BlazorTabManagerApp.csproj", "{BDD6C72C-4738-4C43-933A-42C39877DEDE}"
EndProject
Global
	GlobalSection(SolutionConfigurationPlatforms) = preSolution
		Debug|Any CPU = Debug|Any CPU
		Release|Any CPU = Release|Any CPU
	EndGlobalSection
	GlobalSection(ProjectConfigurationPlatforms) = postSolution
		{BDD6C72C-4738-4C43-933A-42C39877DEDE}.Debug|Any CPU.ActiveCfg = Debug|Any CPU
		{BDD6C72C-4738-4C43-933A-42C39877DEDE}.Debug|Any CPU.Build.0 = Debug|Any CPU
		{BDD6C72C-4738-4C43-933A-42C39877DEDE}.Release|Any CPU.ActiveCfg = Release|Any CPU
		{BDD6C72C-4738-4C43-933A-42C39877DEDE}.Release|Any CPU.Build.0 = Release|Any CPU
	EndGlobalSection
	GlobalSection(SolutionProperties) = preSolution
		HideSolutionNode = FALSE
	EndGlobalSection
	GlobalSection(ExtensibilityGlobals) = postSolution
		SolutionGuid = {4835FB20-2B26-4C7F-97B0-7B444CA5D9B1}
	EndGlobalSection
EndGlobal
